// !$*UTF8*$!
{
	archiveVersion = 1;
	classes = {
	};
	objectVersion = 46;
	objects = {

/* Begin PBXBuildFile section */
		1D3623260D0F684500981E51 /* RMD_CalculatorAppDelegate.m in Sources */ = {isa = PBXBuildFile; fileRef = 1D3623250D0F684500981E51 /* RMD_CalculatorAppDelegate.m */; };
		1D60589B0D05DD56006BFB54 /* main.m in Sources */ = {isa = PBXBuildFile; fileRef = 29B97316FDCFA39411CA2CEA /* main.m */; };
		1D60589F0D05DD5A006BFB54 /* Foundation.framework in Frameworks */ = {isa = PBXBuildFile; fileRef = 1D30AB110D05D00D00671497 /* Foundation.framework */; };
		1DF5F4E00D08C38300B7A737 /* UIKit.framework in Frameworks */ = {isa = PBXBuildFile; fileRef = 1DF5F4DF0D08C38300B7A737 /* UIKit.framework */; };
		288765A50DF7441C002DB57D /* CoreGraphics.framework in Frameworks */ = {isa = PBXBuildFile; fileRef = 288765A40DF7441C002DB57D /* CoreGraphics.framework */; };
		2899E5220DE3E06400AC0155 /* RMD_CalculatorViewController.xib in Resources */ = {isa = PBXBuildFile; fileRef = 2899E5210DE3E06400AC0155 /* RMD_CalculatorViewController.xib */; };
		28AD733F0D9D9553002E5188 /* MainWindow.xib in Resources */ = {isa = PBXBuildFile; fileRef = 28AD733E0D9D9553002E5188 /* MainWindow.xib */; };
		28D7ACF80DDB3853001CB0EB /* RMD_CalculatorViewController.m in Sources */ = {isa = PBXBuildFile; fileRef = 28D7ACF70DDB3853001CB0EB /* RMD_CalculatorViewController.m */; };
		55034D851543816E00AE59C9 /* rmdSQL.m in Sources */ = {isa = PBXBuildFile; fileRef = 55034D841543816E00AE59C9 /* rmdSQL.m */; };
		550D579E153C6622006170DE /* mrd.db in Resources */ = {isa = PBXBuildFile; fileRef = 550D579D153C6622006170DE /* mrd.db */; };
		551A5BAA146208400038703A /* rmd_icon_small.png in Resources */ = {isa = PBXBuildFile; fileRef = 551A5BA9146208400038703A /* rmd_icon_small.png */; };
		551A5BAC146208460038703A /* rmd_icon_114.png in Resources */ = {isa = PBXBuildFile; fileRef = 551A5BAB146208460038703A /* rmd_icon_114.png */; };
		551FE1DD1549CF4A0054BBC0 /* FMDatabase.m in Sources */ = {isa = PBXBuildFile; fileRef = 551FE1DA1549CF4A0054BBC0 /* FMDatabase.m */; };
		551FE1DE1549CF4A0054BBC0 /* FMResultSet.m in Sources */ = {isa = PBXBuildFile; fileRef = 551FE1DC1549CF4A0054BBC0 /* FMResultSet.m */; };
		551FE1E41549CF630054BBC0 /* FMDatabasePool.m in Sources */ = {isa = PBXBuildFile; fileRef = 551FE1E11549CF630054BBC0 /* FMDatabasePool.m */; };
		551FE1E51549CF630054BBC0 /* FMDatabaseQueue.m in Sources */ = {isa = PBXBuildFile; fileRef = 551FE1E31549CF630054BBC0 /* FMDatabaseQueue.m */; };
		551FE1E81549D5720054BBC0 /* DBPath.m in Sources */ = {isa = PBXBuildFile; fileRef = 551FE1E71549D5720054BBC0 /* DBPath.m */; };
		55297526158571FB007B8724 /* mailbox_small.png in Resources */ = {isa = PBXBuildFile; fileRef = 55297525158571FB007B8724 /* mailbox_small.png */; };
		5529752815857BDE007B8724 /* arrow_small.png in Resources */ = {isa = PBXBuildFile; fileRef = 5529752715857BDE007B8724 /* arrow_small.png */; };
		5531CEC6153A7189002E8160 /* calcDate.m in Sources */ = {isa = PBXBuildFile; fileRef = 5531CEC5153A7189002E8160 /* calcDate.m */; };
		5531CEC9153A71BB002E8160 /* RMD.m in Sources */ = {isa = PBXBuildFile; fileRef = 5531CEC8153A71BB002E8160 /* RMD.m */; };
		55A4BAE515E42765001A1EBB /* PrevYear.m in Sources */ = {isa = PBXBuildFile; fileRef = 55A4BAE415E42765001A1EBB /* PrevYear.m */; };
		55C2ABB1153A76C20082D67C /* libsqlite3.0.dylib in Frameworks */ = {isa = PBXBuildFile; fileRef = 55C2ABB0153A76C20082D67C /* libsqlite3.0.dylib */; };
		6C0BD31D1A7049720003FF20 /* APAttribute.m in Sources */ = {isa = PBXBuildFile; fileRef = 6C0BD3171A7049720003FF20 /* APAttribute.m */; };
		6C0BD31E1A7049720003FF20 /* APDocument.m in Sources */ = {isa = PBXBuildFile; fileRef = 6C0BD3191A7049720003FF20 /* APDocument.m */; };
		6C0BD31F1A7049720003FF20 /* APElement.m in Sources */ = {isa = PBXBuildFile; fileRef = 6C0BD31B1A7049720003FF20 /* APElement.m */; };
		6C6463DE1A7045A400BA1685 /* libxml2.dylib in Frameworks */ = {isa = PBXBuildFile; fileRef = 6C6463DD1A7045A400BA1685 /* libxml2.dylib */; };
		6CC71CF81A6ECF6100040E42 /* Default-568h@2x.png in Resources */ = {isa = PBXBuildFile; fileRef = 6CC71CF71A6ECF6100040E42 /* Default-568h@2x.png */; };
		6CC71CFD1A6ED30800040E42 /* alert.m in Sources */ = {isa = PBXBuildFile; fileRef = 6CC71CFC1A6ED30800040E42 /* alert.m */; };
		6CEFC41B1A718DD500347CAA /* Data.m in Sources */ = {isa = PBXBuildFile; fileRef = 6CEFC41A1A718DD500347CAA /* Data.m */; };
/* End PBXBuildFile section */

/* Begin PBXFileReference section */
		1D30AB110D05D00D00671497 /* Foundation.framework */ = {isa = PBXFileReference; lastKnownFileType = wrapper.framework; name = Foundation.framework; path = System/Library/Frameworks/Foundation.framework; sourceTree = SDKROOT; };
		1D3623240D0F684500981E51 /* RMD_CalculatorAppDelegate.h */ = {isa = PBXFileReference; fileEncoding = 4; lastKnownFileType = sourcecode.c.h; path = RMD_CalculatorAppDelegate.h; sourceTree = "<group>"; };
		1D3623250D0F684500981E51 /* RMD_CalculatorAppDelegate.m */ = {isa = PBXFileReference; fileEncoding = 4; lastKnownFileType = sourcecode.c.objc; path = RMD_CalculatorAppDelegate.m; sourceTree = "<group>"; };
		1D6058910D05DD3D006BFB54 /* RMD Calculator.app */ = {isa = PBXFileReference; explicitFileType = wrapper.application; includeInIndex = 0; path = "RMD Calculator.app"; sourceTree = BUILT_PRODUCTS_DIR; };
		1DF5F4DF0D08C38300B7A737 /* UIKit.framework */ = {isa = PBXFileReference; lastKnownFileType = wrapper.framework; name = UIKit.framework; path = System/Library/Frameworks/UIKit.framework; sourceTree = SDKROOT; };
		288765A40DF7441C002DB57D /* CoreGraphics.framework */ = {isa = PBXFileReference; lastKnownFileType = wrapper.framework; name = CoreGraphics.framework; path = System/Library/Frameworks/CoreGraphics.framework; sourceTree = SDKROOT; };
		2899E5210DE3E06400AC0155 /* RMD_CalculatorViewController.xib */ = {isa = PBXFileReference; lastKnownFileType = file.xib; path = RMD_CalculatorViewController.xib; sourceTree = "<group>"; };
		28AD733E0D9D9553002E5188 /* MainWindow.xib */ = {isa = PBXFileReference; lastKnownFileType = file.xib; path = MainWindow.xib; sourceTree = "<group>"; };
		28D7ACF60DDB3853001CB0EB /* RMD_CalculatorViewController.h */ = {isa = PBXFileReference; fileEncoding = 4; lastKnownFileType = sourcecode.c.h; path = RMD_CalculatorViewController.h; sourceTree = "<group>"; };
		28D7ACF70DDB3853001CB0EB /* RMD_CalculatorViewController.m */ = {isa = PBXFileReference; fileEncoding = 4; lastKnownFileType = sourcecode.c.objc; path = RMD_CalculatorViewController.m; sourceTree = "<group>"; };
		29B97316FDCFA39411CA2CEA /* main.m */ = {isa = PBXFileReference; fileEncoding = 4; lastKnownFileType = sourcecode.c.objc; path = main.m; sourceTree = "<group>"; };
		32CA4F630368D1EE00C91783 /* RMD_Calculator_Prefix.pch */ = {isa = PBXFileReference; fileEncoding = 4; lastKnownFileType = sourcecode.c.h; path = RMD_Calculator_Prefix.pch; sourceTree = "<group>"; };
		55034D831543816E00AE59C9 /* rmdSQL.h */ = {isa = PBXFileReference; fileEncoding = 4; lastKnownFileType = sourcecode.c.h; path = rmdSQL.h; sourceTree = "<group>"; };
		55034D841543816E00AE59C9 /* rmdSQL.m */ = {isa = PBXFileReference; fileEncoding = 4; lastKnownFileType = sourcecode.c.objc; path = rmdSQL.m; sourceTree = "<group>"; };
		550D579D153C6622006170DE /* mrd.db */ = {isa = PBXFileReference; lastKnownFileType = file; path = mrd.db; sourceTree = "<group>"; };
		551A5BA9146208400038703A /* rmd_icon_small.png */ = {isa = PBXFileReference; lastKnownFileType = image.png; path = rmd_icon_small.png; sourceTree = "<group>"; };
		551A5BAB146208460038703A /* rmd_icon_114.png */ = {isa = PBXFileReference; lastKnownFileType = image.png; path = rmd_icon_114.png; sourceTree = "<group>"; };
		551FE1D91549CF4A0054BBC0 /* FMDatabase.h */ = {isa = PBXFileReference; fileEncoding = 4; lastKnownFileType = sourcecode.c.h; path = FMDatabase.h; sourceTree = "<group>"; };
		551FE1DA1549CF4A0054BBC0 /* FMDatabase.m */ = {isa = PBXFileReference; fileEncoding = 4; lastKnownFileType = sourcecode.c.objc; path = FMDatabase.m; sourceTree = "<group>"; };
		551FE1DB1549CF4A0054BBC0 /* FMResultSet.h */ = {isa = PBXFileReference; fileEncoding = 4; lastKnownFileType = sourcecode.c.h; path = FMResultSet.h; sourceTree = "<group>"; };
		551FE1DC1549CF4A0054BBC0 /* FMResultSet.m */ = {isa = PBXFileReference; fileEncoding = 4; lastKnownFileType = sourcecode.c.objc; path = FMResultSet.m; sourceTree = "<group>"; };
		551FE1E01549CF630054BBC0 /* FMDatabasePool.h */ = {isa = PBXFileReference; fileEncoding = 4; lastKnownFileType = sourcecode.c.h; path = FMDatabasePool.h; sourceTree = "<group>"; };
		551FE1E11549CF630054BBC0 /* FMDatabasePool.m */ = {isa = PBXFileReference; fileEncoding = 4; lastKnownFileType = sourcecode.c.objc; path = FMDatabasePool.m; sourceTree = "<group>"; };
		551FE1E21549CF630054BBC0 /* FMDatabaseQueue.h */ = {isa = PBXFileReference; fileEncoding = 4; lastKnownFileType = sourcecode.c.h; path = FMDatabaseQueue.h; sourceTree = "<group>"; };
		551FE1E31549CF630054BBC0 /* FMDatabaseQueue.m */ = {isa = PBXFileReference; fileEncoding = 4; lastKnownFileType = sourcecode.c.objc; path = FMDatabaseQueue.m; sourceTree = "<group>"; };
		551FE1E61549D5720054BBC0 /* DBPath.h */ = {isa = PBXFileReference; fileEncoding = 4; lastKnownFileType = sourcecode.c.h; path = DBPath.h; sourceTree = "<group>"; };
		551FE1E71549D5720054BBC0 /* DBPath.m */ = {isa = PBXFileReference; fileEncoding = 4; lastKnownFileType = sourcecode.c.objc; path = DBPath.m; sourceTree = "<group>"; };
		55297525158571FB007B8724 /* mailbox_small.png */ = {isa = PBXFileReference; lastKnownFileType = image.png; path = mailbox_small.png; sourceTree = "<group>"; };
		5529752715857BDE007B8724 /* arrow_small.png */ = {isa = PBXFileReference; lastKnownFileType = image.png; path = arrow_small.png; sourceTree = "<group>"; };
		5531CEC4153A7189002E8160 /* calcDate.h */ = {isa = PBXFileReference; fileEncoding = 4; lastKnownFileType = sourcecode.c.h; path = calcDate.h; sourceTree = "<group>"; };
		5531CEC5153A7189002E8160 /* calcDate.m */ = {isa = PBXFileReference; fileEncoding = 4; lastKnownFileType = sourcecode.c.objc; path = calcDate.m; sourceTree = "<group>"; };
		5531CEC7153A71BB002E8160 /* RMD.h */ = {isa = PBXFileReference; fileEncoding = 4; lastKnownFileType = sourcecode.c.h; path = RMD.h; sourceTree = "<group>"; };
		5531CEC8153A71BB002E8160 /* RMD.m */ = {isa = PBXFileReference; fileEncoding = 4; lastKnownFileType = sourcecode.c.objc; path = RMD.m; sourceTree = "<group>"; };
		55A4BAE315E42765001A1EBB /* PrevYear.h */ = {isa = PBXFileReference; fileEncoding = 4; lastKnownFileType = sourcecode.c.h; path = PrevYear.h; sourceTree = "<group>"; };
		55A4BAE415E42765001A1EBB /* PrevYear.m */ = {isa = PBXFileReference; fileEncoding = 4; lastKnownFileType = sourcecode.c.objc; path = PrevYear.m; sourceTree = "<group>"; };
		55C2ABB0153A76C20082D67C /* libsqlite3.0.dylib */ = {isa = PBXFileReference; lastKnownFileType = "compiled.mach-o.dylib"; name = libsqlite3.0.dylib; path = usr/lib/libsqlite3.0.dylib; sourceTree = SDKROOT; };
		6C0BD3161A7049720003FF20 /* APAttribute.h */ = {isa = PBXFileReference; fileEncoding = 4; lastKnownFileType = sourcecode.c.h; path = APAttribute.h; sourceTree = "<group>"; };
		6C0BD3171A7049720003FF20 /* APAttribute.m */ = {isa = PBXFileReference; fileEncoding = 4; lastKnownFileType = sourcecode.c.objc; path = APAttribute.m; sourceTree = "<group>"; };
		6C0BD3181A7049720003FF20 /* APDocument.h */ = {isa = PBXFileReference; fileEncoding = 4; lastKnownFileType = sourcecode.c.h; path = APDocument.h; sourceTree = "<group>"; };
		6C0BD3191A7049720003FF20 /* APDocument.m */ = {isa = PBXFileReference; fileEncoding = 4; lastKnownFileType = sourcecode.c.objc; path = APDocument.m; sourceTree = "<group>"; };
		6C0BD31A1A7049720003FF20 /* APElement.h */ = {isa = PBXFileReference; fileEncoding = 4; lastKnownFileType = sourcecode.c.h; path = APElement.h; sourceTree = "<group>"; };
		6C0BD31B1A7049720003FF20 /* APElement.m */ = {isa = PBXFileReference; fileEncoding = 4; lastKnownFileType = sourcecode.c.objc; path = APElement.m; sourceTree = "<group>"; };
		6C0BD31C1A7049720003FF20 /* APXML.h */ = {isa = PBXFileReference; fileEncoding = 4; lastKnownFileType = sourcecode.c.h; path = APXML.h; sourceTree = "<group>"; };
		6C6463DD1A7045A400BA1685 /* libxml2.dylib */ = {isa = PBXFileReference; lastKnownFileType = "compiled.mach-o.dylib"; name = libxml2.dylib; path = usr/lib/libxml2.dylib; sourceTree = SDKROOT; };
		6CC71CF71A6ECF6100040E42 /* Default-568h@2x.png */ = {isa = PBXFileReference; lastKnownFileType = image.png; path = "Default-568h@2x.png"; sourceTree = "<group>"; };
		6CC71CFB1A6ED30800040E42 /* alert.h */ = {isa = PBXFileReference; fileEncoding = 4; lastKnownFileType = sourcecode.c.h; path = alert.h; sourceTree = "<group>"; };
		6CC71CFC1A6ED30800040E42 /* alert.m */ = {isa = PBXFileReference; fileEncoding = 4; lastKnownFileType = sourcecode.c.objc; path = alert.m; sourceTree = "<group>"; };
		6CEFC4191A718DD500347CAA /* Data.h */ = {isa = PBXFileReference; fileEncoding = 4; lastKnownFileType = sourcecode.c.h; path = Data.h; sourceTree = "<group>"; };
		6CEFC41A1A718DD500347CAA /* Data.m */ = {isa = PBXFileReference; fileEncoding = 4; lastKnownFileType = sourcecode.c.objc; path = Data.m; sourceTree = "<group>"; };
		8D1107310486CEB800E47090 /* RMD_Calculator-Info.plist */ = {isa = PBXFileReference; fileEncoding = 4; lastKnownFileType = text.plist.xml; path = "RMD_Calculator-Info.plist"; plistStructureDefinitionIdentifier = "com.apple.xcode.plist.structure-definition.iphone.info-plist"; sourceTree = "<group>"; };
/* End PBXFileReference section */

/* Begin PBXFrameworksBuildPhase section */
		1D60588F0D05DD3D006BFB54 /* Frameworks */ = {
			isa = PBXFrameworksBuildPhase;
			buildActionMask = 2147483647;
			files = (
				6C6463DE1A7045A400BA1685 /* libxml2.dylib in Frameworks */,
				55C2ABB1153A76C20082D67C /* libsqlite3.0.dylib in Frameworks */,
				1D60589F0D05DD5A006BFB54 /* Foundation.framework in Frameworks */,
				1DF5F4E00D08C38300B7A737 /* UIKit.framework in Frameworks */,
				288765A50DF7441C002DB57D /* CoreGraphics.framework in Frameworks */,
			);
			runOnlyForDeploymentPostprocessing = 0;
		};
/* End PBXFrameworksBuildPhase section */

/* Begin PBXGroup section */
		080E96DDFE201D6D7F000001 /* Classes */ = {
			isa = PBXGroup;
			children = (
				6C0BD3161A7049720003FF20 /* APAttribute.h */,
				6C0BD3171A7049720003FF20 /* APAttribute.m */,
				6C0BD3181A7049720003FF20 /* APDocument.h */,
				6C0BD3191A7049720003FF20 /* APDocument.m */,
				6C0BD31A1A7049720003FF20 /* APElement.h */,
				6C0BD31B1A7049720003FF20 /* APElement.m */,
				6C0BD31C1A7049720003FF20 /* APXML.h */,
				551FE1E01549CF630054BBC0 /* FMDatabasePool.h */,
				551FE1E11549CF630054BBC0 /* FMDatabasePool.m */,
				551FE1E21549CF630054BBC0 /* FMDatabaseQueue.h */,
				551FE1E31549CF630054BBC0 /* FMDatabaseQueue.m */,
				551FE1D91549CF4A0054BBC0 /* FMDatabase.h */,
				551FE1DA1549CF4A0054BBC0 /* FMDatabase.m */,
				551FE1DB1549CF4A0054BBC0 /* FMResultSet.h */,
				551FE1DC1549CF4A0054BBC0 /* FMResultSet.m */,
				5531CEC4153A7189002E8160 /* calcDate.h */,
				5531CEC5153A7189002E8160 /* calcDate.m */,
				5531CEC7153A71BB002E8160 /* RMD.h */,
				5531CEC8153A71BB002E8160 /* RMD.m */,
				1D3623240D0F684500981E51 /* RMD_CalculatorAppDelegate.h */,
				1D3623250D0F684500981E51 /* RMD_CalculatorAppDelegate.m */,
				551FE1E61549D5720054BBC0 /* DBPath.h */,
				551FE1E71549D5720054BBC0 /* DBPath.m */,
				28D7ACF60DDB3853001CB0EB /* RMD_CalculatorViewController.h */,
				28D7ACF70DDB3853001CB0EB /* RMD_CalculatorViewController.m */,
				55034D831543816E00AE59C9 /* rmdSQL.h */,
				55034D841543816E00AE59C9 /* rmdSQL.m */,
				55A4BAE315E42765001A1EBB /* PrevYear.h */,
				55A4BAE415E42765001A1EBB /* PrevYear.m */,
				6CC71CFB1A6ED30800040E42 /* alert.h */,
				6CC71CFC1A6ED30800040E42 /* alert.m */,
				6CEFC4191A718DD500347CAA /* Data.h */,
				6CEFC41A1A718DD500347CAA /* Data.m */,
			);
			path = Classes;
			sourceTree = "<group>";
		};
		19C28FACFE9D520D11CA2CBB /* Products */ = {
			isa = PBXGroup;
			children = (
				1D6058910D05DD3D006BFB54 /* RMD Calculator.app */,
			);
			name = Products;
			sourceTree = "<group>";
		};
		29B97314FDCFA39411CA2CEA /* CustomTemplate */ = {
			isa = PBXGroup;
			children = (
				6CC71CF71A6ECF6100040E42 /* Default-568h@2x.png */,
				5529752715857BDE007B8724 /* arrow_small.png */,
				55297525158571FB007B8724 /* mailbox_small.png */,
				551A5BAB146208460038703A /* rmd_icon_114.png */,
				551A5BA9146208400038703A /* rmd_icon_small.png */,
				080E96DDFE201D6D7F000001 /* Classes */,
				29B97315FDCFA39411CA2CEA /* Other Sources */,
				29B97317FDCFA39411CA2CEA /* Resources */,
				29B97323FDCFA39411CA2CEA /* Frameworks */,
				19C28FACFE9D520D11CA2CBB /* Products */,
			);
			name = CustomTemplate;
			sourceTree = "<group>";
		};
		29B97315FDCFA39411CA2CEA /* Other Sources */ = {
			isa = PBXGroup;
			children = (
				32CA4F630368D1EE00C91783 /* RMD_Calculator_Prefix.pch */,
				29B97316FDCFA39411CA2CEA /* main.m */,
			);
			name = "Other Sources";
			sourceTree = "<group>";
		};
		29B97317FDCFA39411CA2CEA /* Resources */ = {
			isa = PBXGroup;
			children = (
				550D579D153C6622006170DE /* mrd.db */,
				2899E5210DE3E06400AC0155 /* RMD_CalculatorViewController.xib */,
				28AD733E0D9D9553002E5188 /* MainWindow.xib */,
				8D1107310486CEB800E47090 /* RMD_Calculator-Info.plist */,
			);
			name = Resources;
			sourceTree = "<group>";
		};
		29B97323FDCFA39411CA2CEA /* Frameworks */ = {
			isa = PBXGroup;
			children = (
				6C6463DD1A7045A400BA1685 /* libxml2.dylib */,
				55C2ABB0153A76C20082D67C /* libsqlite3.0.dylib */,
				1DF5F4DF0D08C38300B7A737 /* UIKit.framework */,
				1D30AB110D05D00D00671497 /* Foundation.framework */,
				288765A40DF7441C002DB57D /* CoreGraphics.framework */,
			);
			name = Frameworks;
			sourceTree = "<group>";
		};
/* End PBXGroup section */

/* Begin PBXNativeTarget section */
		1D6058900D05DD3D006BFB54 /* RMD Calculator */ = {
			isa = PBXNativeTarget;
			buildConfigurationList = 1D6058960D05DD3E006BFB54 /* Build configuration list for PBXNativeTarget "RMD Calculator" */;
			buildPhases = (
				1D60588D0D05DD3D006BFB54 /* Resources */,
				1D60588E0D05DD3D006BFB54 /* Sources */,
				1D60588F0D05DD3D006BFB54 /* Frameworks */,
			);
			buildRules = (
			);
			dependencies = (
			);
			name = "RMD Calculator";
			productName = "RMD Calculator";
			productReference = 1D6058910D05DD3D006BFB54 /* RMD Calculator.app */;
			productType = "com.apple.product-type.application";
		};
/* End PBXNativeTarget section */

/* Begin PBXProject section */
		29B97313FDCFA39411CA2CEA /* Project object */ = {
			isa = PBXProject;
			attributes = {
				LastUpgradeCheck = 0440;
			};
			buildConfigurationList = C01FCF4E08A954540054247B /* Build configuration list for PBXProject "RMD Calculator" */;
			compatibilityVersion = "Xcode 3.2";
			developmentRegion = English;
			hasScannedForEncodings = 1;
			knownRegions = (
				English,
				Japanese,
				French,
				German,
			);
			mainGroup = 29B97314FDCFA39411CA2CEA /* CustomTemplate */;
			projectDirPath = "";
			projectRoot = "";
			targets = (
				1D6058900D05DD3D006BFB54 /* RMD Calculator */,
			);
		};
/* End PBXProject section */

/* Begin PBXResourcesBuildPhase section */
		1D60588D0D05DD3D006BFB54 /* Resources */ = {
			isa = PBXResourcesBuildPhase;
			buildActionMask = 2147483647;
			files = (
				28AD733F0D9D9553002E5188 /* MainWindow.xib in Resources */,
				2899E5220DE3E06400AC0155 /* RMD_CalculatorViewController.xib in Resources */,
				551A5BAA146208400038703A /* rmd_icon_small.png in Resources */,
				551A5BAC146208460038703A /* rmd_icon_114.png in Resources */,
				550D579E153C6622006170DE /* mrd.db in Resources */,
				6CC71CF81A6ECF6100040E42 /* Default-568h@2x.png in Resources */,
				55297526158571FB007B8724 /* mailbox_small.png in Resources */,
				5529752815857BDE007B8724 /* arrow_small.png in Resources */,
			);
			runOnlyForDeploymentPostprocessing = 0;
		};
/* End PBXResourcesBuildPhase section */

/* Begin PBXSourcesBuildPhase section */
		1D60588E0D05DD3D006BFB54 /* Sources */ = {
			isa = PBXSourcesBuildPhase;
			buildActionMask = 2147483647;
			files = (
				1D60589B0D05DD56006BFB54 /* main.m in Sources */,
				6C0BD31F1A7049720003FF20 /* APElement.m in Sources */,
				1D3623260D0F684500981E51 /* RMD_CalculatorAppDelegate.m in Sources */,
				28D7ACF80DDB3853001CB0EB /* RMD_CalculatorViewController.m in Sources */,
				5531CEC6153A7189002E8160 /* calcDate.m in Sources */,
				5531CEC9153A71BB002E8160 /* RMD.m in Sources */,
				55034D851543816E00AE59C9 /* rmdSQL.m in Sources */,
				6CC71CFD1A6ED30800040E42 /* alert.m in Sources */,
				551FE1DD1549CF4A0054BBC0 /* FMDatabase.m in Sources */,
				551FE1DE1549CF4A0054BBC0 /* FMResultSet.m in Sources */,
				551FE1E41549CF630054BBC0 /* FMDatabasePool.m in Sources */,
				551FE1E51549CF630054BBC0 /* FMDatabaseQueue.m in Sources */,
				551FE1E81549D5720054BBC0 /* DBPath.m in Sources */,
				55A4BAE515E42765001A1EBB /* PrevYear.m in Sources */,
				6C0BD31D1A7049720003FF20 /* APAttribute.m in Sources */,
				6CEFC41B1A718DD500347CAA /* Data.m in Sources */,
				6C0BD31E1A7049720003FF20 /* APDocument.m in Sources */,
			);
			runOnlyForDeploymentPostprocessing = 0;
		};
/* End PBXSourcesBuildPhase section */

/* Begin XCBuildConfiguration section */
		1D6058940D05DD3E006BFB54 /* Debug */ = {
			isa = XCBuildConfiguration;
			buildSettings = {
				ALWAYS_SEARCH_USER_PATHS = NO;
				COPY_PHASE_STRIP = NO;
				GCC_DYNAMIC_NO_PIC = NO;
				GCC_OPTIMIZATION_LEVEL = 0;
				GCC_PRECOMPILE_PREFIX_HEADER = YES;
				GCC_PREFIX_HEADER = RMD_Calculator_Prefix.pch;
				INFOPLIST_FILE = "RMD_Calculator-Info.plist";
				IPHONEOS_DEPLOYMENT_TARGET = 5.1;
				PRODUCT_NAME = "RMD Calculator";
				VALIDATE_PRODUCT = NO;
			};
			name = Debug;
		};
		1D6058950D05DD3E006BFB54 /* Release */ = {
			isa = XCBuildConfiguration;
			buildSettings = {
				ALWAYS_SEARCH_USER_PATHS = NO;
				COPY_PHASE_STRIP = YES;
				GCC_PRECOMPILE_PREFIX_HEADER = YES;
				GCC_PREFIX_HEADER = RMD_Calculator_Prefix.pch;
				INFOPLIST_FILE = "RMD_Calculator-Info.plist";
				IPHONEOS_DEPLOYMENT_TARGET = 5.1;
				PRODUCT_NAME = "RMD Calculator";
				TARGETED_DEVICE_FAMILY = 1;
				VALIDATE_PRODUCT = YES;
			};
			name = Release;
		};
		C01FCF4F08A954540054247B /* Debug */ = {
			isa = XCBuildConfiguration;
			buildSettings = {
				ARCHS = "$(ARCHS_STANDARD)";
				CODE_SIGN_IDENTITY = "iPhone Developer: Bryce Campbell (2AR4CS3Y94)";
				"CODE_SIGN_IDENTITY[sdk=iphoneos*]" = "iPhone Developer: Bryce Campbell (2AR4CS3Y94)";
				GCC_C_LANGUAGE_STANDARD = c99;
				GCC_WARN_ABOUT_RETURN_TYPE = YES;
				GCC_WARN_UNUSED_VARIABLE = YES;
				PROVISIONING_PROFILE = "D886AEF8-066F-412F-A839-D991B7F14125";
				"PROVISIONING_PROFILE[sdk=iphoneos*]" = "D886AEF8-066F-412F-A839-D991B7F14125";
				SDKROOT = iphoneos;
			};
			name = Debug;
		};
		C01FCF5008A954540054247B /* Release */ = {
			isa = XCBuildConfiguration;
			buildSettings = {
				ARCHS = "$(ARCHS_STANDARD)";
				CODE_SIGN_IDENTITY = "iPhone Distribution: Bryce Campbell";
				"CODE_SIGN_IDENTITY[sdk=iphoneos*]" = "iPhone Distribution: Bryce Campbell";
				GCC_C_LANGUAGE_STANDARD = c99;
				GCC_WARN_ABOUT_RETURN_TYPE = YES;
				GCC_WARN_UNUSED_VARIABLE = YES;
				OTHER_CFLAGS = "-DNS_BLOCK_ASSERTIONS=1";
				PROVISIONING_PROFILE = "AFDD7B9D-9A4E-4600-8A82-E007EB4E1856";
				"PROVISIONING_PROFILE[sdk=iphoneos*]" = "AFDD7B9D-9A4E-4600-8A82-E007EB4E1856";
				SDKROOT = iphoneos;
				TARGETED_DEVICE_FAMILY = 1;
			};
			name = Release;
		};
/* End XCBuildConfiguration section */

/* Begin XCConfigurationList section */
		1D6058960D05DD3E006BFB54 /* Build configuration list for PBXNativeTarget "RMD Calculator" */ = {
			isa = XCConfigurationList;
			buildConfigurations = (
				1D6058940D05DD3E006BFB54 /* Debug */,
				1D6058950D05DD3E006BFB54 /* Release */,
			);
			defaultConfigurationIsVisible = 0;
			defaultConfigurationName = Release;
		};
		C01FCF4E08A954540054247B /* Build configuration list for PBXProject "RMD Calculator" */ = {
			isa = XCConfigurationList;
			buildConfigurations = (
				C01FCF4F08A954540054247B /* Debug */,
				C01FCF5008A954540054247B /* Release */,
			);
			defaultConfigurationIsVisible = 0;
			defaultConfigurationName = Release;
		};
/* End XCConfigurationList section */
	};
	rootObject = 29B97313FDCFA39411CA2CEA /* Project object */;
}
